
Microsoft Visual Studio Solution File, Format Version 12.00
# Visual Studio Version 16
VisualStudioVersion = 16.0.31313.79
MinimumVisualStudioVersion = 10.0.40219.1
Project("{9A19103F-16F7-4668-BE54-9A1E7A4F7556}") = "TracerProject", "Tracer\TracerProject.csproj", "{5241A336-6CCB-4EAF-9D78-39EFE9AC5010}"
EndProject
Project("{9A19103F-16F7-4668-BE54-9A1E7A4F7556}") = "Serialization", "Serialization\Serialization.csproj", "{F4724481-0946-49B0-9C02-3BDCB71180B7}"
EndProject
Project("{9A19103F-16F7-4668-BE54-9A1E7A4F7556}") = "TestProject", "TestProject\TestProject.csproj", "{4F1AAC9B-F150-48D0-9F7D-173C12C30DED}"
EndProject
Global
	GlobalSection(SolutionConfigurationPlatforms) = preSolution
		Debug|Any CPU = Debug|Any CPU
		Release|Any CPU = Release|Any CPU
	EndGlobalSection
	GlobalSection(ProjectConfigurationPlatforms) = postSolution
		{5241A336-6CCB-4EAF-9D78-39EFE9AC5010}.Debug|Any CPU.ActiveCfg = Debug|Any CPU
		{5241A336-6CCB-4EAF-9D78-39EFE9AC5010}.Debug|Any CPU.Build.0 = Debug|Any CPU
		{5241A336-6CCB-4EAF-9D78-39EFE9AC5010}.Release|Any CPU.ActiveCfg = Release|Any CPU
		{5241A336-6CCB-4EAF-9D78-39EFE9AC5010}.Release|Any CPU.Build.0 = Release|Any CPU
		{F4724481-0946-49B0-9C02-3BDCB71180B7}.Debug|Any CPU.ActiveCfg = Debug|Any CPU
		{F4724481-0946-49B0-9C02-3BDCB71180B7}.Debug|Any CPU.Build.0 = Debug|Any CPU
		{F4724481-0946-49B0-9C02-3BDCB71180B7}.Release|Any CPU.ActiveCfg = Release|Any CPU
		{F4724481-0946-49B0-9C02-3BDCB71180B7}.Release|Any CPU.Build.0 = Release|Any CPU
		{4F1AAC9B-F150-48D0-9F7D-173C12C30DED}.Debug|Any CPU.ActiveCfg = Debug|Any CPU
		{4F1AAC9B-F150-48D0-9F7D-173C12C30DED}.Debug|Any CPU.Build.0 = Debug|Any CPU
		{4F1AAC9B-F150-48D0-9F7D-173C12C30DED}.Release|Any CPU.ActiveCfg = Release|Any CPU
		{4F1AAC9B-F150-48D0-9F7D-173C12C30DED}.Release|Any CPU.Build.0 = Release|Any CPU
	EndGlobalSection
	GlobalSection(SolutionProperties) = preSolution
		HideSolutionNode = FALSE
	EndGlobalSection
	GlobalSection(ExtensibilityGlobals) = postSolution
		SolutionGuid = {BBDB01AA-CCD3-4A53-BC82-8E3AAC98FCCF}
	EndGlobalSection
EndGlobal
