
Microsoft Visual Studio Solution File, Format Version 12.00
# Visual Studio Version 16
VisualStudioVersion = 16.0.31313.79
MinimumVisualStudioVersion = 10.0.40219.1
Project("{FAE04EC0-301F-11D3-BF4B-00C04F79EFBC}") = "Tracer", "Tracer\Tracer.csproj", "{5241A336-6CCB-4EAF-9D78-39EFE9AC5010}"
EndProject
Global
	GlobalSection(SolutionConfigurationPlatforms) = preSolution
		Debug|Any CPU = Debug|Any CPU
		Release|Any CPU = Release|Any CPU
	EndGlobalSection
	GlobalSection(ProjectConfigurationPlatforms) = postSolution
		{5241A336-6CCB-4EAF-9D78-39EFE9AC5010}.Debug|Any CPU.ActiveCfg = Debug|Any CPU
		{5241A336-6CCB-4EAF-9D78-39EFE9AC5010}.Debug|Any CPU.Build.0 = Debug|Any CPU
		{5241A336-6CCB-4EAF-9D78-39EFE9AC5010}.Release|Any CPU.ActiveCfg = Release|Any CPU
		{5241A336-6CCB-4EAF-9D78-39EFE9AC5010}.Release|Any CPU.Build.0 = Release|Any CPU
	EndGlobalSection
	GlobalSection(SolutionProperties) = preSolution
		HideSolutionNode = FALSE
	EndGlobalSection
	GlobalSection(ExtensibilityGlobals) = postSolution
		SolutionGuid = {BBDB01AA-CCD3-4A53-BC82-8E3AAC98FCCF}
	EndGlobalSection
EndGlobal
